
Microsoft Visual Studio Solution File, Format Version 12.00
# Visual Studio Version 17
VisualStudioVersion = 17.7.34024.191
MinimumVisualStudioVersion = 10.0.40219.1
Project("{FAE04EC0-301F-11D3-BF4B-00C04F79EFBC}") = "gmglkodg", "gmglkodg\gmglkodg.csproj", "{19D8D2C9-5E2B-444D-A8B6-9301CA677423}"
EndProject
Global
	GlobalSection(SolutionConfigurationPlatforms) = preSolution
		Debug|Any CPU = Debug|Any CPU
		Release|Any CPU = Release|Any CPU
	EndGlobalSection
	GlobalSection(ProjectConfigurationPlatforms) = postSolution
		{19D8D2C9-5E2B-444D-A8B6-9301CA677423}.Debug|Any CPU.ActiveCfg = Debug|Any CPU
		{19D8D2C9-5E2B-444D-A8B6-9301CA677423}.Debug|Any CPU.Build.0 = Debug|Any CPU
		{19D8D2C9-5E2B-444D-A8B6-9301CA677423}.Release|Any CPU.ActiveCfg = Release|Any CPU
		{19D8D2C9-5E2B-444D-A8B6-9301CA677423}.Release|Any CPU.Build.0 = Release|Any CPU
	EndGlobalSection
	GlobalSection(SolutionProperties) = preSolution
		HideSolutionNode = FALSE
	EndGlobalSection
	GlobalSection(ExtensibilityGlobals) = postSolution
		SolutionGuid = {B02FAF82-EC94-4188-A0D7-EE40CFD29B18}
	EndGlobalSection
EndGlobal
